
Microsoft Visual Studio Solution File, Format Version 12.00
# Visual Studio Version 17
VisualStudioVersion = 17.9.34607.119
MinimumVisualStudioVersion = 10.0.40219.1
Project("{FAE04EC0-301F-11D3-BF4B-00C04F79EFBC}") = "UserGenderValidation", "UserGenderValidation\UserGenderValidation.csproj", "{811446C2-FCCA-427D-B773-B48BC2A39ACA}"
EndProject
Project("{FAE04EC0-301F-11D3-BF4B-00C04F79EFBC}") = "UserAgeValidation", "UserAgeValidation\UserAgeValidation.csproj", "{7D02075E-F84F-48EB-AA86-18587901A12D}"
EndProject
Global
	GlobalSection(SolutionConfigurationPlatforms) = preSolution
		Debug|Any CPU = Debug|Any CPU
		Release|Any CPU = Release|Any CPU
	EndGlobalSection
	GlobalSection(ProjectConfigurationPlatforms) = postSolution
		{811446C2-FCCA-427D-B773-B48BC2A39ACA}.Debug|Any CPU.ActiveCfg = Debug|Any CPU
		{811446C2-FCCA-427D-B773-B48BC2A39ACA}.Debug|Any CPU.Build.0 = Debug|Any CPU
		{811446C2-FCCA-427D-B773-B48BC2A39ACA}.Release|Any CPU.ActiveCfg = Release|Any CPU
		{811446C2-FCCA-427D-B773-B48BC2A39ACA}.Release|Any CPU.Build.0 = Release|Any CPU
		{7D02075E-F84F-48EB-AA86-18587901A12D}.Debug|Any CPU.ActiveCfg = Debug|Any CPU
		{7D02075E-F84F-48EB-AA86-18587901A12D}.Debug|Any CPU.Build.0 = Debug|Any CPU
		{7D02075E-F84F-48EB-AA86-18587901A12D}.Release|Any CPU.ActiveCfg = Release|Any CPU
		{7D02075E-F84F-48EB-AA86-18587901A12D}.Release|Any CPU.Build.0 = Release|Any CPU
	EndGlobalSection
	GlobalSection(SolutionProperties) = preSolution
		HideSolutionNode = FALSE
	EndGlobalSection
	GlobalSection(ExtensibilityGlobals) = postSolution
		SolutionGuid = {C2EF28C9-F3B8-405A-AEA3-E408880D7650}
	EndGlobalSection
EndGlobal
